// !$*UTF8*$!
{
	archiveVersion = 1;
	classes = {
	};
	objectVersion = 46;
	objects = {

/* Begin PBXBuildFile section */
		1CC48B171BEC7E30003178FA /* main.m in Sources */ = {isa = PBXBuildFile; fileRef = 1CC48B161BEC7E30003178FA /* main.m */; };
		1CC48B1A1BEC7E30003178FA /* AppDelegate.m in Sources */ = {isa = PBXBuildFile; fileRef = 1CC48B191BEC7E30003178FA /* AppDelegate.m */; };
		1CC48B1D1BEC7E30003178FA /* ViewController.m in Sources */ = {isa = PBXBuildFile; fileRef = 1CC48B1C1BEC7E30003178FA /* ViewController.m */; };
		1CC48B201BEC7E30003178FA /* Main.storyboard in Resources */ = {isa = PBXBuildFile; fileRef = 1CC48B1E1BEC7E30003178FA /* Main.storyboard */; };
		1CC48B221BEC7E30003178FA /* Assets.xcassets in Resources */ = {isa = PBXBuildFile; fileRef = 1CC48B211BEC7E30003178FA /* Assets.xcassets */; };
		1CC48B251BEC7E30003178FA /* LaunchScreen.storyboard in Resources */ = {isa = PBXBuildFile; fileRef = 1CC48B231BEC7E30003178FA /* LaunchScreen.storyboard */; };
		1CC48B301BEC7E30003178FA /* GitPracticeTests.m in Sources */ = {isa = PBXBuildFile; fileRef = 1CC48B2F1BEC7E30003178FA /* GitPracticeTests.m */; };
		1CC48B3B1BEC7E30003178FA /* GitPracticeUITests.m in Sources */ = {isa = PBXBuildFile; fileRef = 1CC48B3A1BEC7E30003178FA /* GitPracticeUITests.m */; };
/* End PBXBuildFile section */

/* Begin PBXContainerItemProxy section */
		1CC48B2C1BEC7E30003178FA /* PBXContainerItemProxy */ = {
			isa = PBXContainerItemProxy;
			containerPortal = 1CC48B0A1BEC7E30003178FA /* Project object */;
			proxyType = 1;
			remoteGlobalIDString = 1CC48B111BEC7E30003178FA;
			remoteInfo = GitPractice;
		};
		1CC48B371BEC7E30003178FA /* PBXContainerItemProxy */ = {
			isa = PBXContainerItemProxy;
			containerPortal = 1CC48B0A1BEC7E30003178FA /* Project object */;
			proxyType = 1;
			remoteGlobalIDString = 1CC48B111BEC7E30003178FA;
			remoteInfo = GitPractice;
		};
/* End PBXContainerItemProxy section */

/* Begin PBXFileReference section */
		1CC48B121BEC7E30003178FA /* GitPractice.app */ = {isa = PBXFileReference; explicitFileType = wrapper.application; includeInIndex = 0; path = GitPractice.app; sourceTree = BUILT_PRODUCTS_DIR; };
		1CC48B161BEC7E30003178FA /* main.m */ = {isa = PBXFileReference; lastKnownFileType = sourcecode.c.objc; path = main.m; sourceTree = "<group>"; };
		1CC48B181BEC7E30003178FA /* AppDelegate.h */ = {isa = PBXFileReference; lastKnownFileType = sourcecode.c.h; path = AppDelegate.h; sourceTree = "<group>"; };
		1CC48B191BEC7E30003178FA /* AppDelegate.m */ = {isa = PBXFileReference; lastKnownFileType = sourcecode.c.objc; path = AppDelegate.m; sourceTree = "<group>"; };
		1CC48B1B1BEC7E30003178FA /* ViewController.h */ = {isa = PBXFileReference; lastKnownFileType = sourcecode.c.h; path = ViewController.h; sourceTree = "<group>"; };
		1CC48B1C1BEC7E30003178FA /* ViewController.m */ = {isa = PBXFileReference; lastKnownFileType = sourcecode.c.objc; path = ViewController.m; sourceTree = "<group>"; };
		1CC48B1F1BEC7E30003178FA /* Base */ = {isa = PBXFileReference; lastKnownFileType = file.storyboard; name = Base; path = Base.lproj/Main.storyboard; sourceTree = "<group>"; };
		1CC48B211BEC7E30003178FA /* Assets.xcassets */ = {isa = PBXFileReference; lastKnownFileType = folder.assetcatalog; path = Assets.xcassets; sourceTree = "<group>"; };
		1CC48B241BEC7E30003178FA /* Base */ = {isa = PBXFileReference; lastKnownFileType = file.storyboard; name = Base; path = Base.lproj/LaunchScreen.storyboard; sourceTree = "<group>"; };
		1CC48B261BEC7E30003178FA /* Info.plist */ = {isa = PBXFileReference; lastKnownFileType = text.plist.xml; path = Info.plist; sourceTree = "<group>"; };
		1CC48B2B1BEC7E30003178FA /* GitPracticeTests.xctest */ = {isa = PBXFileReference; explicitFileType = wrapper.cfbundle; includeInIndex = 0; path = GitPracticeTests.xctest; sourceTree = BUILT_PRODUCTS_DIR; };
		1CC48B2F1BEC7E30003178FA /* GitPracticeTests.m */ = {isa = PBXFileReference; lastKnownFileType = sourcecode.c.objc; path = GitPracticeTests.m; sourceTree = "<group>"; };
		1CC48B311BEC7E30003178FA /* Info.plist */ = {isa = PBXFileReference; lastKnownFileType = text.plist.xml; path = Info.plist; sourceTree = "<group>"; };
		1CC48B361BEC7E30003178FA /* GitPracticeUITests.xctest */ = {isa = PBXFileReference; explicitFileType = wrapper.cfbundle; includeInIndex = 0; path = GitPracticeUITests.xctest; sourceTree = BUILT_PRODUCTS_DIR; };
		1CC48B3A1BEC7E30003178FA /* GitPracticeUITests.m */ = {isa = PBXFileReference; lastKnownFileType = sourcecode.c.objc; path = GitPracticeUITests.m; sourceTree = "<group>"; };
		1CC48B3C1BEC7E30003178FA /* Info.plist */ = {isa = PBXFileReference; lastKnownFileType = text.plist.xml; path = Info.plist; sourceTree = "<group>"; };
/* End PBXFileReference section */

/* Begin PBXFrameworksBuildPhase section */
		1CC48B0F1BEC7E30003178FA /* Frameworks */ = {
			isa = PBXFrameworksBuildPhase;
			buildActionMask = 2147483647;
			files = (
			);
			runOnlyForDeploymentPostprocessing = 0;
		};
		1CC48B281BEC7E30003178FA /* Frameworks */ = {
			isa = PBXFrameworksBuildPhase;
			buildActionMask = 2147483647;
			files = (
			);
			runOnlyForDeploymentPostprocessing = 0;
		};
		1CC48B331BEC7E30003178FA /* Frameworks */ = {
			isa = PBXFrameworksBuildPhase;
			buildActionMask = 2147483647;
			files = (
			);
			runOnlyForDeploymentPostprocessing = 0;
		};
/* End PBXFrameworksBuildPhase section */

/* Begin PBXGroup section */
		1CC48B091BEC7E30003178FA = {
			isa = PBXGroup;
			children = (
				1CC48B141BEC7E30003178FA /* GitPractice */,
				1CC48B2E1BEC7E30003178FA /* GitPracticeTests */,
				1CC48B391BEC7E30003178FA /* GitPracticeUITests */,
				1CC48B131BEC7E30003178FA /* Products */,
			);
			sourceTree = "<group>";
		};
		1CC48B131BEC7E30003178FA /* Products */ = {
			isa = PBXGroup;
			children = (
				1CC48B121BEC7E30003178FA /* GitPractice.app */,
				1CC48B2B1BEC7E30003178FA /* GitPracticeTests.xctest */,
				1CC48B361BEC7E30003178FA /* GitPracticeUITests.xctest */,
			);
			name = Products;
			sourceTree = "<group>";
		};
		1CC48B141BEC7E30003178FA /* GitPractice */ = {
			isa = PBXGroup;
			children = (
				1CC48B181BEC7E30003178FA /* AppDelegate.h */,
				1CC48B191BEC7E30003178FA /* AppDelegate.m */,
				1CC48B1B1BEC7E30003178FA /* ViewController.h */,
				1CC48B1C1BEC7E30003178FA /* ViewController.m */,
				1CC48B1E1BEC7E30003178FA /* Main.storyboard */,
				1CC48B211BEC7E30003178FA /* Assets.xcassets */,
				1CC48B231BEC7E30003178FA /* LaunchScreen.storyboard */,
				1CC48B261BEC7E30003178FA /* Info.plist */,
				1CC48B151BEC7E30003178FA /* Supporting Files */,
			);
			path = GitPractice;
			sourceTree = "<group>";
		};
		1CC48B151BEC7E30003178FA /* Supporting Files */ = {
			isa = PBXGroup;
			children = (
				1CC48B161BEC7E30003178FA /* main.m */,
			);
			name = "Supporting Files";
			sourceTree = "<group>";
		};
		1CC48B2E1BEC7E30003178FA /* GitPracticeTests */ = {
			isa = PBXGroup;
			children = (
				1CC48B2F1BEC7E30003178FA /* GitPracticeTests.m */,
				1CC48B311BEC7E30003178FA /* Info.plist */,
			);
			path = GitPracticeTests;
			sourceTree = "<group>";
		};
		1CC48B391BEC7E30003178FA /* GitPracticeUITests */ = {
			isa = PBXGroup;
			children = (
				1CC48B3A1BEC7E30003178FA /* GitPracticeUITests.m */,
				1CC48B3C1BEC7E30003178FA /* Info.plist */,
			);
			path = GitPracticeUITests;
			sourceTree = "<group>";
		};
/* End PBXGroup section */

/* Begin PBXNativeTarget section */
		1CC48B111BEC7E30003178FA /* GitPractice */ = {
			isa = PBXNativeTarget;
			buildConfigurationList = 1CC48B3F1BEC7E30003178FA /* Build configuration list for PBXNativeTarget "GitPractice" */;
			buildPhases = (
				1CC48B0E1BEC7E30003178FA /* Sources */,
				1CC48B0F1BEC7E30003178FA /* Frameworks */,
				1CC48B101BEC7E30003178FA /* Resources */,
			);
			buildRules = (
			);
			dependencies = (
			);
			name = GitPractice;
			productName = GitPractice;
			productReference = 1CC48B121BEC7E30003178FA /* GitPractice.app */;
			productType = "com.apple.product-type.application";
		};
		1CC48B2A1BEC7E30003178FA /* GitPracticeTests */ = {
			isa = PBXNativeTarget;
			buildConfigurationList = 1CC48B421BEC7E30003178FA /* Build configuration list for PBXNativeTarget "GitPracticeTests" */;
			buildPhases = (
				1CC48B271BEC7E30003178FA /* Sources */,
				1CC48B281BEC7E30003178FA /* Frameworks */,
				1CC48B291BEC7E30003178FA /* Resources */,
			);
			buildRules = (
			);
			dependencies = (
				1CC48B2D1BEC7E30003178FA /* PBXTargetDependency */,
			);
			name = GitPracticeTests;
			productName = GitPracticeTests;
			productReference = 1CC48B2B1BEC7E30003178FA /* GitPracticeTests.xctest */;
			productType = "com.apple.product-type.bundle.unit-test";
		};
		1CC48B351BEC7E30003178FA /* GitPracticeUITests */ = {
			isa = PBXNativeTarget;
			buildConfigurationList = 1CC48B451BEC7E30003178FA /* Build configuration list for PBXNativeTarget "GitPracticeUITests" */;
			buildPhases = (
				1CC48B321BEC7E30003178FA /* Sources */,
				1CC48B331BEC7E30003178FA /* Frameworks */,
				1CC48B341BEC7E30003178FA /* Resources */,
			);
			buildRules = (
			);
			dependencies = (
				1CC48B381BEC7E30003178FA /* PBXTargetDependency */,
			);
			name = GitPracticeUITests;
			productName = GitPracticeUITests;
			productReference = 1CC48B361BEC7E30003178FA /* GitPracticeUITests.xctest */;
			productType = "com.apple.product-type.bundle.ui-testing";
		};
/* End PBXNativeTarget section */

/* Begin PBXProject section */
		1CC48B0A1BEC7E30003178FA /* Project object */ = {
			isa = PBXProject;
			attributes = {
				LastUpgradeCheck = 0710;
				ORGANIZATIONNAME = "HuangSsu Wei";
				TargetAttributes = {
					1CC48B111BEC7E30003178FA = {
						CreatedOnToolsVersion = 7.1;
					};
					1CC48B2A1BEC7E30003178FA = {
						CreatedOnToolsVersion = 7.1;
						TestTargetID = 1CC48B111BEC7E30003178FA;
					};
					1CC48B351BEC7E30003178FA = {
						CreatedOnToolsVersion = 7.1;
						TestTargetID = 1CC48B111BEC7E30003178FA;
					};
				};
			};
			buildConfigurationList = 1CC48B0D1BEC7E30003178FA /* Build configuration list for PBXProject "GitPractice" */;
			compatibilityVersion = "Xcode 3.2";
			developmentRegion = English;
			hasScannedForEncodings = 0;
			knownRegions = (
				en,
				Base,
			);
			mainGroup = 1CC48B091BEC7E30003178FA;
			productRefGroup = 1CC48B131BEC7E30003178FA /* Products */;
			projectDirPath = "";
			projectRoot = "";
			targets = (
				1CC48B111BEC7E30003178FA /* GitPractice */,
				1CC48B2A1BEC7E30003178FA /* GitPracticeTests */,
				1CC48B351BEC7E30003178FA /* GitPracticeUITests */,
			);
		};
/* End PBXProject section */

/* Begin PBXResourcesBuildPhase section */
		1CC48B101BEC7E30003178FA /* Resources */ = {
			isa = PBXResourcesBuildPhase;
			buildActionMask = 2147483647;
			files = (
				1CC48B251BEC7E30003178FA /* LaunchScreen.storyboard in Resources */,
				1CC48B221BEC7E30003178FA /* Assets.xcassets in Resources */,
				1CC48B201BEC7E30003178FA /* Main.storyboard in Resources */,
			);
			runOnlyForDeploymentPostprocessing = 0;
		};
		1CC48B291BEC7E30003178FA /* Resources */ = {
			isa = PBXResourcesBuildPhase;
			buildActionMask = 2147483647;
			files = (
			);
			runOnlyForDeploymentPostprocessing = 0;
		};
		1CC48B341BEC7E30003178FA /* Resources */ = {
			isa = PBXResourcesBuildPhase;
			buildActionMask = 2147483647;
			files = (
			);
			runOnlyForDeploymentPostprocessing = 0;
		};
/* End PBXResourcesBuildPhase section */

/* Begin PBXSourcesBuildPhase section */
		1CC48B0E1BEC7E30003178FA /* Sources */ = {
			isa = PBXSourcesBuildPhase;
			buildActionMask = 2147483647;
			files = (
				1CC48B1D1BEC7E30003178FA /* ViewController.m in Sources */,
				1CC48B1A1BEC7E30003178FA /* AppDelegate.m in Sources */,
				1CC48B171BEC7E30003178FA /* main.m in Sources */,
			);
			runOnlyForDeploymentPostprocessing = 0;
		};
		1CC48B271BEC7E30003178FA /* Sources */ = {
			isa = PBXSourcesBuildPhase;
			buildActionMask = 2147483647;
			files = (
				1CC48B301BEC7E30003178FA /* GitPracticeTests.m in Sources */,
			);
			runOnlyForDeploymentPostprocessing = 0;
		};
		1CC48B321BEC7E30003178FA /* Sources */ = {
			isa = PBXSourcesBuildPhase;
			buildActionMask = 2147483647;
			files = (
				1CC48B3B1BEC7E30003178FA /* GitPracticeUITests.m in Sources */,
			);
			runOnlyForDeploymentPostprocessing = 0;
		};
/* End PBXSourcesBuildPhase section */

/* Begin PBXTargetDependency section */
		1CC48B2D1BEC7E30003178FA /* PBXTargetDependency */ = {
			isa = PBXTargetDependency;
			target = 1CC48B111BEC7E30003178FA /* GitPractice */;
			targetProxy = 1CC48B2C1BEC7E30003178FA /* PBXContainerItemProxy */;
		};
		1CC48B381BEC7E30003178FA /* PBXTargetDependency */ = {
			isa = PBXTargetDependency;
			target = 1CC48B111BEC7E30003178FA /* GitPractice */;
			targetProxy = 1CC48B371BEC7E30003178FA /* PBXContainerItemProxy */;
		};
/* End PBXTargetDependency section */

/* Begin PBXVariantGroup section */
		1CC48B1E1BEC7E30003178FA /* Main.storyboard */ = {
			isa = PBXVariantGroup;
			children = (
				1CC48B1F1BEC7E30003178FA /* Base */,
			);
			name = Main.storyboard;
			sourceTree = "<group>";
		};
		1CC48B231BEC7E30003178FA /* LaunchScreen.storyboard */ = {
			isa = PBXVariantGroup;
			children = (
				1CC48B241BEC7E30003178FA /* Base */,
			);
			name = LaunchScreen.storyboard;
			sourceTree = "<group>";
		};
/* End PBXVariantGroup section */

/* Begin XCBuildConfiguration section */
		1CC48B3D1BEC7E30003178FA /* Debug */ = {
			isa = XCBuildConfiguration;
			buildSettings = {
				ALWAYS_SEARCH_USER_PATHS = NO;
				CLANG_CXX_LANGUAGE_STANDARD = "gnu++0x";
				CLANG_CXX_LIBRARY = "libc++";
				CLANG_ENABLE_MODULES = YES;
				CLANG_ENABLE_OBJC_ARC = YES;
				CLANG_WARN_BOOL_CONVERSION = YES;
				CLANG_WARN_CONSTANT_CONVERSION = YES;
				CLANG_WARN_DIRECT_OBJC_ISA_USAGE = YES_ERROR;
				CLANG_WARN_EMPTY_BODY = YES;
				CLANG_WARN_ENUM_CONVERSION = YES;
				CLANG_WARN_INT_CONVERSION = YES;
				CLANG_WARN_OBJC_ROOT_CLASS = YES_ERROR;
				CLANG_WARN_UNREACHABLE_CODE = YES;
				CLANG_WARN__DUPLICATE_METHOD_MATCH = YES;
				"CODE_SIGN_IDENTITY[sdk=iphoneos*]" = "iPhone Developer";
				COPY_PHASE_STRIP = NO;
				DEBUG_INFORMATION_FORMAT = dwarf;
				ENABLE_STRICT_OBJC_MSGSEND = YES;
				ENABLE_TESTABILITY = YES;
				GCC_C_LANGUAGE_STANDARD = gnu99;
				GCC_DYNAMIC_NO_PIC = NO;
				GCC_NO_COMMON_BLOCKS = YES;
				GCC_OPTIMIZATION_LEVEL = 0;
				GCC_PREPROCESSOR_DEFINITIONS = (
					"DEBUG=1",
					"$(inherited)",
				);
				GCC_WARN_64_TO_32_BIT_CONVERSION = YES;
				GCC_WARN_ABOUT_RETURN_TYPE = YES_ERROR;
				GCC_WARN_UNDECLARED_SELECTOR = YES;
				GCC_WARN_UNINITIALIZED_AUTOS = YES_AGGRESSIVE;
				GCC_WARN_UNUSED_FUNCTION = YES;
				GCC_WARN_UNUSED_VARIABLE = YES;
				IPHONEOS_DEPLOYMENT_TARGET = 9.1;
				MTL_ENABLE_DEBUG_INFO = YES;
				ONLY_ACTIVE_ARCH = YES;
				SDKROOT = iphoneos;
			};
			name = Debug;
		};
		1CC48B3E1BEC7E30003178FA /* Release */ = {
			isa = XCBuildConfiguration;
			buildSettings = {
				ALWAYS_SEARCH_USER_PATHS = NO;
				CLANG_CXX_LANGUAGE_STANDARD = "gnu++0x";
				CLANG_CXX_LIBRARY = "libc++";
				CLANG_ENABLE_MODULES = YES;
				CLANG_ENABLE_OBJC_ARC = YES;
				CLANG_WARN_BOOL_CONVERSION = YES;
				CLANG_WARN_CONSTANT_CONVERSION = YES;
				CLANG_WARN_DIRECT_OBJC_ISA_USAGE = YES_ERROR;
				CLANG_WARN_EMPTY_BODY = YES;
				CLANG_WARN_ENUM_CONVERSION = YES;
				CLANG_WARN_INT_CONVERSION = YES;
				CLANG_WARN_OBJC_ROOT_CLASS = YES_ERROR;
				CLANG_WARN_UNREACHABLE_CODE = YES;
				CLANG_WARN__DUPLICATE_METHOD_MATCH = YES;
				"CODE_SIGN_IDENTITY[sdk=iphoneos*]" = "iPhone Developer";
				COPY_PHASE_STRIP = NO;
				DEBUG_INFORMATION_FORMAT = "dwarf-with-dsym";
				ENABLE_NS_ASSERTIONS = NO;
				ENABLE_STRICT_OBJC_MSGSEND = YES;
				GCC_C_LANGUAGE_STANDARD = gnu99;
				GCC_NO_COMMON_BLOCKS = YES;
				GCC_WARN_64_TO_32_BIT_CONVERSION = YES;
				GCC_WARN_ABOUT_RETURN_TYPE = YES_ERROR;
				GCC_WARN_UNDECLARED_SELECTOR = YES;
				GCC_WARN_UNINITIALIZED_AUTOS = YES_AGGRESSIVE;
				GCC_WARN_UNUSED_FUNCTION = YES;
				GCC_WARN_UNUSED_VARIABLE = YES;
				IPHONEOS_DEPLOYMENT_TARGET = 9.1;
				MTL_ENABLE_DEBUG_INFO = NO;
				SDKROOT = iphoneos;
				VALIDATE_PRODUCT = YES;
			};
			name = Release;
		};
		1CC48B401BEC7E30003178FA /* Debug */ = {
			isa = XCBuildConfiguration;
			buildSettings = {
				ASSETCATALOG_COMPILER_APPICON_NAME = AppIcon;
				INFOPLIST_FILE = GitPractice/Info.plist;
				LD_RUNPATH_SEARCH_PATHS = "$(inherited) @executable_path/Frameworks";
				PRODUCT_BUNDLE_IDENTIFIER = test.GitPractice;
				PRODUCT_NAME = "$(TARGET_NAME)";
			};
			name = Debug;
		};
		1CC48B411BEC7E30003178FA /* Release */ = {
			isa = XCBuildConfiguration;
			buildSettings = {
				ASSETCATALOG_COMPILER_APPICON_NAME = AppIcon;
				INFOPLIST_FILE = GitPractice/Info.plist;
				LD_RUNPATH_SEARCH_PATHS = "$(inherited) @executable_path/Frameworks";
				PRODUCT_BUNDLE_IDENTIFIER = test.GitPractice;
				PRODUCT_NAME = "$(TARGET_NAME)";
			};
			name = Release;
		};
		1CC48B431BEC7E30003178FA /* Debug */ = {
			isa = XCBuildConfiguration;
			buildSettings = {
				BUNDLE_LOADER = "$(TEST_HOST)";
				INFOPLIST_FILE = GitPracticeTests/Info.plist;
				LD_RUNPATH_SEARCH_PATHS = "$(inherited) @executable_path/Frameworks @loader_path/Frameworks";
				PRODUCT_BUNDLE_IDENTIFIER = test.GitPracticeTests;
				PRODUCT_NAME = "$(TARGET_NAME)";
				TEST_HOST = "$(BUILT_PRODUCTS_DIR)/GitPractice.app/GitPractice";
			};
			name = Debug;
		};
		1CC48B441BEC7E30003178FA /* Release */ = {
			isa = XCBuildConfiguration;
			buildSettings = {
				BUNDLE_LOADER = "$(TEST_HOST)";
				INFOPLIST_FILE = GitPracticeTests/Info.plist;
				LD_RUNPATH_SEARCH_PATHS = "$(inherited) @executable_path/Frameworks @loader_path/Frameworks";
				PRODUCT_BUNDLE_IDENTIFIER = test.GitPracticeTests;
				PRODUCT_NAME = "$(TARGET_NAME)";
				TEST_HOST = "$(BUILT_PRODUCTS_DIR)/GitPractice.app/GitPractice";
			};
			name = Release;
		};
		1CC48B461BEC7E30003178FA /* Debug */ = {
			isa = XCBuildConfiguration;
			buildSettings = {
				INFOPLIST_FILE = GitPracticeUITests/Info.plist;
				LD_RUNPATH_SEARCH_PATHS = "$(inherited) @executable_path/Frameworks @loader_path/Frameworks";
				PRODUCT_BUNDLE_IDENTIFIER = test.GitPracticeUITests;
				PRODUCT_NAME = "$(TARGET_NAME)";
				TEST_TARGET_NAME = GitPractice;
				USES_XCTRUNNER = YES;
			};
			name = Debug;
		};
		1CC48B471BEC7E30003178FA /* Release */ = {
			isa = XCBuildConfiguration;
			buildSettings = {
				INFOPLIST_FILE = GitPracticeUITests/Info.plist;
				LD_RUNPATH_SEARCH_PATHS = "$(inherited) @executable_path/Frameworks @loader_path/Frameworks";
				PRODUCT_BUNDLE_IDENTIFIER = test.GitPracticeUITests;
				PRODUCT_NAME = "$(TARGET_NAME)";
				TEST_TARGET_NAME = GitPractice;
				USES_XCTRUNNER = YES;
			};
			name = Release;
		};
/* End XCBuildConfiguration section */

/* Begin XCConfigurationList section */
		1CC48B0D1BEC7E30003178FA /* Build configuration list for PBXProject "GitPractice" */ = {
			isa = XCConfigurationList;
			buildConfigurations = (
				1CC48B3D1BEC7E30003178FA /* Debug */,
				1CC48B3E1BEC7E30003178FA /* Release */,
			);
			defaultConfigurationIsVisible = 0;
			defaultConfigurationName = Release;
		};
		1CC48B3F1BEC7E30003178FA /* Build configuration list for PBXNativeTarget "GitPractice" */ = {
			isa = XCConfigurationList;
			buildConfigurations = (
				1CC48B401BEC7E30003178FA /* Debug */,
				1CC48B411BEC7E30003178FA /* Release */,
			);
			defaultConfigurationIsVisible = 0;
		};
		1CC48B421BEC7E30003178FA /* Build configuration list for PBXNativeTarget "GitPracticeTests" */ = {
			isa = XCConfigurationList;
			buildConfigurations = (
				1CC48B431BEC7E30003178FA /* Debug */,
				1CC48B441BEC7E30003178FA /* Release */,
			);
			defaultConfigurationIsVisible = 0;
		};
		1CC48B451BEC7E30003178FA /* Build configuration list for PBXNativeTarget "GitPracticeUITests" */ = {
			isa = XCConfigurationList;
			buildConfigurations = (
				1CC48B461BEC7E30003178FA /* Debug */,
				1CC48B471BEC7E30003178FA /* Release */,
			);
			defaultConfigurationIsVisible = 0;
		};
/* End XCConfigurationList section */
	};
	rootObject = 1CC48B0A1BEC7E30003178FA /* Project object */;
}
